
Microsoft Visual Studio Solution File, Format Version 12.00
# Visual Studio Version 17
VisualStudioVersion = 17.1.32328.378
MinimumVisualStudioVersion = 10.0.40219.1
Project("{9A19103F-16F7-4668-BE54-9A1E7A4F7556}") = "DocumentManagementSystem", "DocumentManagementSystem\DocumentManagementSystem.csproj", "{F88ED59C-CB24-4C53-B474-0CAE6E25F231}"
EndProject
Global
	GlobalSection(SolutionConfigurationPlatforms) = preSolution
		Debug|Any CPU = Debug|Any CPU
		Release|Any CPU = Release|Any CPU
	EndGlobalSection
	GlobalSection(ProjectConfigurationPlatforms) = postSolution
		{F88ED59C-CB24-4C53-B474-0CAE6E25F231}.Debug|Any CPU.ActiveCfg = Debug|Any CPU
		{F88ED59C-CB24-4C53-B474-0CAE6E25F231}.Debug|Any CPU.Build.0 = Debug|Any CPU
		{F88ED59C-CB24-4C53-B474-0CAE6E25F231}.Release|Any CPU.ActiveCfg = Release|Any CPU
		{F88ED59C-CB24-4C53-B474-0CAE6E25F231}.Release|Any CPU.Build.0 = Release|Any CPU
	EndGlobalSection
	GlobalSection(SolutionProperties) = preSolution
		HideSolutionNode = FALSE
	EndGlobalSection
	GlobalSection(ExtensibilityGlobals) = postSolution
		SolutionGuid = {B60EA769-60F3-4FD5-B0A5-42334A135DBD}
	EndGlobalSection
EndGlobal
